
Microsoft Visual Studio Solution File, Format Version 12.00
# Visual Studio Version 17
VisualStudioVersion = 17.13.35507.96
MinimumVisualStudioVersion = 10.0.40219.1
Project("{8BC9CEB8-8B4A-11D0-8D11-00A0C91BC942}") = "CosmoS", "CosmoS.vcxproj", "{F6DBCE8A-06DD-411F-8BCA-12C3869BF5B5}"
EndProject
Project("{8BC9CEB8-8B4A-11D0-8D11-00A0C91BC942}") = "EnjinE", "EnjinE\EnjinE.vcxitems", "{B509E47C-C25B-4FCC-8DF2-5F44A399C16B}"
EndProject
Global
	GlobalSection(SolutionConfigurationPlatforms) = preSolution
		Debug|x64 = Debug|x64
		Debug|x86 = Debug|x86
		Release|x64 = Release|x64
		Release|x86 = Release|x86
	EndGlobalSection
	GlobalSection(ProjectConfigurationPlatforms) = postSolution
		{F6DBCE8A-06DD-411F-8BCA-12C3869BF5B5}.Debug|x64.ActiveCfg = Debug|x64
		{F6DBCE8A-06DD-411F-8BCA-12C3869BF5B5}.Debug|x64.Build.0 = Debug|x64
		{F6DBCE8A-06DD-411F-8BCA-12C3869BF5B5}.Debug|x86.ActiveCfg = Debug|Win32
		{F6DBCE8A-06DD-411F-8BCA-12C3869BF5B5}.Debug|x86.Build.0 = Debug|Win32
		{F6DBCE8A-06DD-411F-8BCA-12C3869BF5B5}.Release|x64.ActiveCfg = Release|x64
		{F6DBCE8A-06DD-411F-8BCA-12C3869BF5B5}.Release|x64.Build.0 = Release|x64
		{F6DBCE8A-06DD-411F-8BCA-12C3869BF5B5}.Release|x86.ActiveCfg = Release|Win32
		{F6DBCE8A-06DD-411F-8BCA-12C3869BF5B5}.Release|x86.Build.0 = Release|Win32
	EndGlobalSection
	GlobalSection(SolutionProperties) = preSolution
		HideSolutionNode = FALSE
	EndGlobalSection
	GlobalSection(ExtensibilityGlobals) = postSolution
		SolutionGuid = {C9A0B024-6CC5-486E-9712-244E84CA58FF}
	EndGlobalSection
	GlobalSection(SharedMSBuildProjectFiles) = preSolution
		EnjinE\EnjinE.vcxitems*{b509e47c-c25b-4fcc-8df2-5f44a399c16b}*SharedItemsImports = 9
		EnjinE\EnjinE.vcxitems*{f6dbce8a-06dd-411f-8bca-12c3869bf5b5}*SharedItemsImports = 4
	EndGlobalSection
EndGlobal
